// !$*UTF8*$!
{
	archiveVersion = 1;
	classes = {
	};
	objectVersion = 77;
	objects = {

/* Begin PBXBuildFile section */
		32F8E55F592D35785ABABEEE /* TarBackup in Frameworks */ = {isa = PBXBuildFile; productRef = DBB0144CAA4556887D254808 /* TarBackup */; };
		99F52C71C9EEB17721D081AD /* DemoBackupModel.swift in Sources */ = {isa = PBXBuildFile; fileRef = A8A5475AE117AFA190482E66 /* DemoBackupModel.swift */; };
		A0BB1E32E4DB699996677426 /* TarBackupExampleApp.swift in Sources */ = {isa = PBXBuildFile; fileRef = 46495D420FB07154F55166CC /* TarBackupExampleApp.swift */; };
		AB28F31C2F614DA1F4644C7A /* ContentView.swift in Sources */ = {isa = PBXBuildFile; fileRef = A8C5130DEA58A99006D07840 /* ContentView.swift */; };
/* End PBXBuildFile section */

/* Begin PBXFileReference section */
		09E1AA92ECBD162F88066B4F /* TarBackupExample.app */ = {isa = PBXFileReference; includeInIndex = 0; lastKnownFileType = wrapper.application; path = TarBackupExample.app; sourceTree = BUILT_PRODUCTS_DIR; };
		46495D420FB07154F55166CC /* TarBackupExampleApp.swift */ = {isa = PBXFileReference; lastKnownFileType = sourcecode.swift; path = TarBackupExampleApp.swift; sourceTree = "<group>"; };
		A8A5475AE117AFA190482E66 /* DemoBackupModel.swift */ = {isa = PBXFileReference; lastKnownFileType = sourcecode.swift; path = DemoBackupModel.swift; sourceTree = "<group>"; };
		A8C5130DEA58A99006D07840 /* ContentView.swift */ = {isa = PBXFileReference; lastKnownFileType = sourcecode.swift; path = ContentView.swift; sourceTree = "<group>"; };
		E01635FBF38DA9DABC55D007 /* Info.plist */ = {isa = PBXFileReference; lastKnownFileType = text.plist; path = Info.plist; sourceTree = "<group>"; };
/* End PBXFileReference section */

/* Begin PBXFrameworksBuildPhase section */
		8F28D9032CB530C9B35BEF04 /* Frameworks */ = {
			isa = PBXFrameworksBuildPhase;
			buildActionMask = 2147483647;
			files = (
				32F8E55F592D35785ABABEEE /* TarBackup in Frameworks */,
			);
			runOnlyForDeploymentPostprocessing = 0;
		};
/* End PBXFrameworksBuildPhase section */

/* Begin PBXGroup section */
		CE66E7075B966DA545201DE4 /* Products */ = {
			isa = PBXGroup;
			children = (
				09E1AA92ECBD162F88066B4F /* TarBackupExample.app */,
			);
			name = Products;
			sourceTree = "<group>";
		};
		D16EEA44CDD53F6FAA14AB97 /* TarBackupExample */ = {
			isa = PBXGroup;
			children = (
				A8C5130DEA58A99006D07840 /* ContentView.swift */,
				A8A5475AE117AFA190482E66 /* DemoBackupModel.swift */,
				E01635FBF38DA9DABC55D007 /* Info.plist */,
				46495D420FB07154F55166CC /* TarBackupExampleApp.swift */,
			);
			path = TarBackupExample;
			sourceTree = "<group>";
		};
		F8C29CC5A70FC492040A80AD = {
			isa = PBXGroup;
			children = (
				D16EEA44CDD53F6FAA14AB97 /* TarBackupExample */,
				CE66E7075B966DA545201DE4 /* Products */,
			);
			sourceTree = "<group>";
		};
/* End PBXGroup section */

/* Begin PBXNativeTarget section */
		4E8424EB6DA131B04EBEBB79 /* TarBackupExample */ = {
			isa = PBXNativeTarget;
			buildConfigurationList = FD120FBCB4655DFA621E9079 /* Build configuration list for PBXNativeTarget "TarBackupExample" */;
			buildPhases = (
				6D3189BB8651BD5A88FE5270 /* Sources */,
				8F28D9032CB530C9B35BEF04 /* Frameworks */,
			);
			buildRules = (
			);
			dependencies = (
			);
			name = TarBackupExample;
			packageProductDependencies = (
				DBB0144CAA4556887D254808 /* TarBackup */,
			);
			productName = TarBackupExample;
			productReference = 09E1AA92ECBD162F88066B4F /* TarBackupExample.app */;
			productType = "com.apple.product-type.application";
		};
/* End PBXNativeTarget section */

/* Begin PBXProject section */
		AC1962129E39F12DA176838F /* Project object */ = {
			isa = PBXProject;
			attributes = {
				BuildIndependentTargetsInParallel = YES;
				LastUpgradeCheck = 2600;
				TargetAttributes = {
					4E8424EB6DA131B04EBEBB79 = {
						DevelopmentTeam = P3F5YYV27J;
					};
				};
			};
			buildConfigurationList = 3948B969835BEA61C6DABFD0 /* Build configuration list for PBXProject "TarBackupExample" */;
			developmentRegion = en;
			hasScannedForEncodings = 0;
			knownRegions = (
				Base,
				en,
			);
			mainGroup = F8C29CC5A70FC492040A80AD;
			minimizedProjectReferenceProxies = 1;
			packageReferences = (
				6A8C67218991238D3BB4BC39 /* XCRemoteSwiftPackageReference "TarBackup" */,
			);
			preferredProjectObjectVersion = 77;
			productRefGroup = CE66E7075B966DA545201DE4 /* Products */;
			projectDirPath = "";
			projectRoot = "";
			targets = (
				4E8424EB6DA131B04EBEBB79 /* TarBackupExample */,
			);
		};
/* End PBXProject section */

/* Begin PBXSourcesBuildPhase section */
		6D3189BB8651BD5A88FE5270 /* Sources */ = {
			isa = PBXSourcesBuildPhase;
			buildActionMask = 2147483647;
			files = (
				AB28F31C2F614DA1F4644C7A /* ContentView.swift in Sources */,
				99F52C71C9EEB17721D081AD /* DemoBackupModel.swift in Sources */,
				A0BB1E32E4DB699996677426 /* TarBackupExampleApp.swift in Sources */,
			);
			runOnlyForDeploymentPostprocessing = 0;
		};
/* End PBXSourcesBuildPhase section */

/* Begin XCBuildConfiguration section */
		6A571FF5A92750AEE6C02111 /* Debug */ = {
			isa = XCBuildConfiguration;
			buildSettings = {
				ASSETCATALOG_COMPILER_APPICON_NAME = AppIcon;
				CODE_SIGN_IDENTITY = "iPhone Developer";
				DEVELOPMENT_TEAM = P3F5YYV27J;
				INFOPLIST_FILE = TarBackupExample/Info.plist;
				LD_RUNPATH_SEARCH_PATHS = (
					"$(inherited)",
					"@executable_path/Frameworks",
				);
				PRODUCT_BUNDLE_IDENTIFIER = com.logdok.TarBackupExample;
				SDKROOT = iphoneos;
				SWIFT_VERSION = 5.9;
				TARGETED_DEVICE_FAMILY = "1,2";
			};
			name = Debug;
		};
		974F297274688B950782BC4B /* Debug */ = {
			isa = XCBuildConfiguration;
			buildSettings = {
				ALWAYS_SEARCH_USER_PATHS = NO;
				CLANG_ANALYZER_NONNULL = YES;
				CLANG_ANALYZER_NUMBER_OBJECT_CONVERSION = YES_AGGRESSIVE;
				CLANG_CXX_LANGUAGE_STANDARD = "gnu++14";
				CLANG_CXX_LIBRARY = "libc++";
				CLANG_ENABLE_MODULES = YES;
				CLANG_ENABLE_OBJC_ARC = YES;
				CLANG_ENABLE_OBJC_WEAK = YES;
				CLANG_WARN_BLOCK_CAPTURE_AUTORELEASING = YES;
				CLANG_WARN_BOOL_CONVERSION = YES;
				CLANG_WARN_COMMA = YES;
				CLANG_WARN_CONSTANT_CONVERSION = YES;
				CLANG_WARN_DEPRECATED_OBJC_IMPLEMENTATIONS = YES;
				CLANG_WARN_DIRECT_OBJC_ISA_USAGE = YES_ERROR;
				CLANG_WARN_DOCUMENTATION_COMMENTS = YES;
				CLANG_WARN_EMPTY_BODY = YES;
				CLANG_WARN_ENUM_CONVERSION = YES;
				CLANG_WARN_INFINITE_RECURSION = YES;
				CLANG_WARN_INT_CONVERSION = YES;
				CLANG_WARN_NON_LITERAL_NULL_CONVERSION = YES;
				CLANG_WARN_OBJC_IMPLICIT_RETAIN_SELF = YES;
				CLANG_WARN_OBJC_LITERAL_CONVERSION = YES;
				CLANG_WARN_OBJC_ROOT_CLASS = YES_ERROR;
				CLANG_WARN_QUOTED_INCLUDE_IN_FRAMEWORK_HEADER = YES;
				CLANG_WARN_RANGE_LOOP_ANALYSIS = YES;
				CLANG_WARN_STRICT_PROTOTYPES = YES;
				CLANG_WARN_SUSPICIOUS_MOVE = YES;
				CLANG_WARN_UNGUARDED_AVAILABILITY = YES_AGGRESSIVE;
				CLANG_WARN_UNREACHABLE_CODE = YES;
				CLANG_WARN__DUPLICATE_METHOD_MATCH = YES;
				COPY_PHASE_STRIP = NO;
				DEBUG_INFORMATION_FORMAT = dwarf;
				ENABLE_STRICT_OBJC_MSGSEND = YES;
				ENABLE_TESTABILITY = YES;
				GCC_C_LANGUAGE_STANDARD = gnu11;
				GCC_DYNAMIC_NO_PIC = NO;
				GCC_NO_COMMON_BLOCKS = YES;
				GCC_OPTIMIZATION_LEVEL = 0;
				GCC_PREPROCESSOR_DEFINITIONS = (
					"$(inherited)",
					"DEBUG=1",
				);
				GCC_WARN_64_TO_32_BIT_CONVERSION = YES;
				GCC_WARN_ABOUT_RETURN_TYPE = YES_ERROR;
				GCC_WARN_UNDECLARED_SELECTOR = YES;
				GCC_WARN_UNINITIALIZED_AUTOS = YES_AGGRESSIVE;
				GCC_WARN_UNUSED_FUNCTION = YES;
				GCC_WARN_UNUSED_VARIABLE = YES;
				IPHONEOS_DEPLOYMENT_TARGET = 17.0;
				MTL_ENABLE_DEBUG_INFO = INCLUDE_SOURCE;
				MTL_FAST_MATH = YES;
				ONLY_ACTIVE_ARCH = YES;
				PRODUCT_NAME = "$(TARGET_NAME)";
				SDKROOT = iphoneos;
				SWIFT_ACTIVE_COMPILATION_CONDITIONS = DEBUG;
				SWIFT_OPTIMIZATION_LEVEL = "-Onone";
				SWIFT_VERSION = 5.0;
			};
			name = Debug;
		};
		B8F66958751BF0706716D477 /* Release */ = {
			isa = XCBuildConfiguration;
			buildSettings = {
				ASSETCATALOG_COMPILER_APPICON_NAME = AppIcon;
				CODE_SIGN_IDENTITY = "iPhone Developer";
				DEVELOPMENT_TEAM = P3F5YYV27J;
				INFOPLIST_FILE = TarBackupExample/Info.plist;
				LD_RUNPATH_SEARCH_PATHS = (
					"$(inherited)",
					"@executable_path/Frameworks",
				);
				PRODUCT_BUNDLE_IDENTIFIER = com.logdok.TarBackupExample;
				SDKROOT = iphoneos;
				SWIFT_VERSION = 5.9;
				TARGETED_DEVICE_FAMILY = "1,2";
			};
			name = Release;
		};
		C5BD566C9550128F6C2581DB /* Release */ = {
			isa = XCBuildConfiguration;
			buildSettings = {
				ALWAYS_SEARCH_USER_PATHS = NO;
				CLANG_ANALYZER_NONNULL = YES;
				CLANG_ANALYZER_NUMBER_OBJECT_CONVERSION = YES_AGGRESSIVE;
				CLANG_CXX_LANGUAGE_STANDARD = "gnu++14";
				CLANG_CXX_LIBRARY = "libc++";
				CLANG_ENABLE_MODULES = YES;
				CLANG_ENABLE_OBJC_ARC = YES;
				CLANG_ENABLE_OBJC_WEAK = YES;
				CLANG_WARN_BLOCK_CAPTURE_AUTORELEASING = YES;
				CLANG_WARN_BOOL_CONVERSION = YES;
				CLANG_WARN_COMMA = YES;
				CLANG_WARN_CONSTANT_CONVERSION = YES;
				CLANG_WARN_DEPRECATED_OBJC_IMPLEMENTATIONS = YES;
				CLANG_WARN_DIRECT_OBJC_ISA_USAGE = YES_ERROR;
				CLANG_WARN_DOCUMENTATION_COMMENTS = YES;
				CLANG_WARN_EMPTY_BODY = YES;
				CLANG_WARN_ENUM_CONVERSION = YES;
				CLANG_WARN_INFINITE_RECURSION = YES;
				CLANG_WARN_INT_CONVERSION = YES;
				CLANG_WARN_NON_LITERAL_NULL_CONVERSION = YES;
				CLANG_WARN_OBJC_IMPLICIT_RETAIN_SELF = YES;
				CLANG_WARN_OBJC_LITERAL_CONVERSION = YES;
				CLANG_WARN_OBJC_ROOT_CLASS = YES_ERROR;
				CLANG_WARN_QUOTED_INCLUDE_IN_FRAMEWORK_HEADER = YES;
				CLANG_WARN_RANGE_LOOP_ANALYSIS = YES;
				CLANG_WARN_STRICT_PROTOTYPES = YES;
				CLANG_WARN_SUSPICIOUS_MOVE = YES;
				CLANG_WARN_UNGUARDED_AVAILABILITY = YES_AGGRESSIVE;
				CLANG_WARN_UNREACHABLE_CODE = YES;
				CLANG_WARN__DUPLICATE_METHOD_MATCH = YES;
				COPY_PHASE_STRIP = NO;
				DEBUG_INFORMATION_FORMAT = "dwarf-with-dsym";
				ENABLE_NS_ASSERTIONS = NO;
				ENABLE_STRICT_OBJC_MSGSEND = YES;
				GCC_C_LANGUAGE_STANDARD = gnu11;
				GCC_NO_COMMON_BLOCKS = YES;
				GCC_WARN_64_TO_32_BIT_CONVERSION = YES;
				GCC_WARN_ABOUT_RETURN_TYPE = YES_ERROR;
				GCC_WARN_UNDECLARED_SELECTOR = YES;
				GCC_WARN_UNINITIALIZED_AUTOS = YES_AGGRESSIVE;
				GCC_WARN_UNUSED_FUNCTION = YES;
				GCC_WARN_UNUSED_VARIABLE = YES;
				IPHONEOS_DEPLOYMENT_TARGET = 17.0;
				MTL_ENABLE_DEBUG_INFO = NO;
				MTL_FAST_MATH = YES;
				PRODUCT_NAME = "$(TARGET_NAME)";
				SDKROOT = iphoneos;
				SWIFT_COMPILATION_MODE = wholemodule;
				SWIFT_OPTIMIZATION_LEVEL = "-O";
				SWIFT_VERSION = 5.0;
			};
			name = Release;
		};
/* End XCBuildConfiguration section */

/* Begin XCConfigurationList section */
		3948B969835BEA61C6DABFD0 /* Build configuration list for PBXProject "TarBackupExample" */ = {
			isa = XCConfigurationList;
			buildConfigurations = (
				974F297274688B950782BC4B /* Debug */,
				C5BD566C9550128F6C2581DB /* Release */,
			);
			defaultConfigurationIsVisible = 0;
			defaultConfigurationName = Debug;
		};
		FD120FBCB4655DFA621E9079 /* Build configuration list for PBXNativeTarget "TarBackupExample" */ = {
			isa = XCConfigurationList;
			buildConfigurations = (
				6A571FF5A92750AEE6C02111 /* Debug */,
				B8F66958751BF0706716D477 /* Release */,
			);
			defaultConfigurationIsVisible = 0;
			defaultConfigurationName = Debug;
		};
/* End XCConfigurationList section */

/* Begin XCRemoteSwiftPackageReference section */
		6A8C67218991238D3BB4BC39 /* XCRemoteSwiftPackageReference "TarBackup" */ = {
			isa = XCRemoteSwiftPackageReference;
			repositoryURL = "https://github.com/logdok/TarBackup.git";
			requirement = {
				kind = upToNextMajorVersion;
				minimumVersion = 1.1.0;
			};
		};
/* End XCRemoteSwiftPackageReference section */

/* Begin XCSwiftPackageProductDependency section */
		DBB0144CAA4556887D254808 /* TarBackup */ = {
			isa = XCSwiftPackageProductDependency;
			package = 6A8C67218991238D3BB4BC39 /* XCRemoteSwiftPackageReference "TarBackup" */;
			productName = TarBackup;
		};
/* End XCSwiftPackageProductDependency section */
	};
	rootObject = AC1962129E39F12DA176838F /* Project object */;
}
