{
  "originHash" : "6f07ce64c8523b06dc3a2cdac3136c2a25c5de269998bd72e58869a8569c6f42",
  "pins" : [
    {
      "identity" : "tarbackup",
      "kind" : "remoteSourceControl",
      "location" : "https://github.com/logdok/TarBackup.git",
      "state" : {
        "revision" : "3aa2319a2569b1f083dbed9c3e13b8de48971a3f",
        "version" : "1.2.0"
      }
    }
  ],
  "version" : 3
}
