{
  "originHash" : "6f07ce64c8523b06dc3a2cdac3136c2a25c5de269998bd72e58869a8569c6f42",
  "pins" : [
    {
      "identity" : "tarbackup",
      "kind" : "remoteSourceControl",
      "location" : "https://github.com/logdok/TarBackup.git",
      "state" : {
        "revision" : "8295e968e7f20ba47269c0eb96ff825f9f4e4b1c",
        "version" : "1.1.0"
      }
    }
  ],
  "version" : 3
}
